
Microsoft Visual Studio Solution File, Format Version 12.00
# Visual Studio Version 16
VisualStudioVersion = 16.0.30517.126
MinimumVisualStudioVersion = 10.0.40219.1
Project("{FAE04EC0-301F-11D3-BF4B-00C04F79EFBC}") = "Vodovoz2", "Vodovoz2\Vodovoz2.csproj", "{9F655EF8-8412-4150-8882-9EE3024F90E8}"
EndProject
Global
	GlobalSection(SolutionConfigurationPlatforms) = preSolution
		Debug|Any CPU = Debug|Any CPU
		Release|Any CPU = Release|Any CPU
	EndGlobalSection
	GlobalSection(ProjectConfigurationPlatforms) = postSolution
		{9F655EF8-8412-4150-8882-9EE3024F90E8}.Debug|Any CPU.ActiveCfg = Debug|Any CPU
		{9F655EF8-8412-4150-8882-9EE3024F90E8}.Debug|Any CPU.Build.0 = Debug|Any CPU
		{9F655EF8-8412-4150-8882-9EE3024F90E8}.Release|Any CPU.ActiveCfg = Release|Any CPU
		{9F655EF8-8412-4150-8882-9EE3024F90E8}.Release|Any CPU.Build.0 = Release|Any CPU
	EndGlobalSection
	GlobalSection(SolutionProperties) = preSolution
		HideSolutionNode = FALSE
	EndGlobalSection
	GlobalSection(ExtensibilityGlobals) = postSolution
		SolutionGuid = {920F82C1-31ED-44BE-91AA-55F3D3A97D26}
	EndGlobalSection
EndGlobal
